
Microsoft Visual Studio Solution File, Format Version 12.00
# Visual Studio Version 16
VisualStudioVersion = 16.0.31702.278
MinimumVisualStudioVersion = 10.0.40219.1
Project("{FAE04EC0-301F-11D3-BF4B-00C04F79EFBC}") = "FP.WebApi", "FP.WebApi\FP.WebApi.csproj", "{740DEC42-4590-4788-855E-3BE6F7DF1AE1}"
EndProject
Project("{FAE04EC0-301F-11D3-BF4B-00C04F79EFBC}") = "FP.Entities", "FP.Entities\FP.Entities.csproj", "{0926BE16-A94A-477D-9AF0-066DF529B1CA}"
EndProject
Project("{FAE04EC0-301F-11D3-BF4B-00C04F79EFBC}") = "FP.DA", "FP.DA\FP.DA.csproj", "{A6E37490-2922-43EE-BFA8-B27DA6D447FA}"
EndProject
Global
	GlobalSection(SolutionConfigurationPlatforms) = preSolution
		Debug|Any CPU = Debug|Any CPU
		Release|Any CPU = Release|Any CPU
	EndGlobalSection
	GlobalSection(ProjectConfigurationPlatforms) = postSolution
		{740DEC42-4590-4788-855E-3BE6F7DF1AE1}.Debug|Any CPU.ActiveCfg = Debug|Any CPU
		{740DEC42-4590-4788-855E-3BE6F7DF1AE1}.Debug|Any CPU.Build.0 = Debug|Any CPU
		{740DEC42-4590-4788-855E-3BE6F7DF1AE1}.Release|Any CPU.ActiveCfg = Release|Any CPU
		{740DEC42-4590-4788-855E-3BE6F7DF1AE1}.Release|Any CPU.Build.0 = Release|Any CPU
		{0926BE16-A94A-477D-9AF0-066DF529B1CA}.Debug|Any CPU.ActiveCfg = Debug|Any CPU
		{0926BE16-A94A-477D-9AF0-066DF529B1CA}.Debug|Any CPU.Build.0 = Debug|Any CPU
		{0926BE16-A94A-477D-9AF0-066DF529B1CA}.Release|Any CPU.ActiveCfg = Release|Any CPU
		{0926BE16-A94A-477D-9AF0-066DF529B1CA}.Release|Any CPU.Build.0 = Release|Any CPU
		{A6E37490-2922-43EE-BFA8-B27DA6D447FA}.Debug|Any CPU.ActiveCfg = Debug|Any CPU
		{A6E37490-2922-43EE-BFA8-B27DA6D447FA}.Debug|Any CPU.Build.0 = Debug|Any CPU
		{A6E37490-2922-43EE-BFA8-B27DA6D447FA}.Release|Any CPU.ActiveCfg = Release|Any CPU
		{A6E37490-2922-43EE-BFA8-B27DA6D447FA}.Release|Any CPU.Build.0 = Release|Any CPU
	EndGlobalSection
	GlobalSection(SolutionProperties) = preSolution
		HideSolutionNode = FALSE
	EndGlobalSection
	GlobalSection(ExtensibilityGlobals) = postSolution
		SolutionGuid = {AF388EB5-5C75-442A-AC5C-7825D4DE9D77}
	EndGlobalSection
EndGlobal
